
Microsoft Visual Studio Solution File, Format Version 12.00
# Visual Studio Version 17
VisualStudioVersion = 17.12.35527.113
MinimumVisualStudioVersion = 10.0.40219.1
Project("{FAE04EC0-301F-11D3-BF4B-00C04F79EFBC}") = "CompanyEmployees", "CompanyEmployees\CompanyEmployees.csproj", "{C34D2AAB-8EE6-4EF1-96A0-5435606626B7}"
EndProject
Project("{FAE04EC0-301F-11D3-BF4B-00C04F79EFBC}") = "Contracts", "Contracts\Contracts.csproj", "{3AE749E7-65B3-4C98-B3C6-9E571DF577ED}"
EndProject
Project("{FAE04EC0-301F-11D3-BF4B-00C04F79EFBC}") = "LoggerService", "LoggerService\LoggerService.csproj", "{DF21F319-E260-4ACF-BBF9-03174943B737}"
EndProject
Global
	GlobalSection(SolutionConfigurationPlatforms) = preSolution
		Debug|Any CPU = Debug|Any CPU
		Release|Any CPU = Release|Any CPU
	EndGlobalSection
	GlobalSection(ProjectConfigurationPlatforms) = postSolution
		{C34D2AAB-8EE6-4EF1-96A0-5435606626B7}.Debug|Any CPU.ActiveCfg = Debug|Any CPU
		{C34D2AAB-8EE6-4EF1-96A0-5435606626B7}.Debug|Any CPU.Build.0 = Debug|Any CPU
		{C34D2AAB-8EE6-4EF1-96A0-5435606626B7}.Release|Any CPU.ActiveCfg = Release|Any CPU
		{C34D2AAB-8EE6-4EF1-96A0-5435606626B7}.Release|Any CPU.Build.0 = Release|Any CPU
		{3AE749E7-65B3-4C98-B3C6-9E571DF577ED}.Debug|Any CPU.ActiveCfg = Debug|Any CPU
		{3AE749E7-65B3-4C98-B3C6-9E571DF577ED}.Debug|Any CPU.Build.0 = Debug|Any CPU
		{3AE749E7-65B3-4C98-B3C6-9E571DF577ED}.Release|Any CPU.ActiveCfg = Release|Any CPU
		{3AE749E7-65B3-4C98-B3C6-9E571DF577ED}.Release|Any CPU.Build.0 = Release|Any CPU
		{DF21F319-E260-4ACF-BBF9-03174943B737}.Debug|Any CPU.ActiveCfg = Debug|Any CPU
		{DF21F319-E260-4ACF-BBF9-03174943B737}.Debug|Any CPU.Build.0 = Debug|Any CPU
		{DF21F319-E260-4ACF-BBF9-03174943B737}.Release|Any CPU.ActiveCfg = Release|Any CPU
		{DF21F319-E260-4ACF-BBF9-03174943B737}.Release|Any CPU.Build.0 = Release|Any CPU
	EndGlobalSection
	GlobalSection(SolutionProperties) = preSolution
		HideSolutionNode = FALSE
	EndGlobalSection
EndGlobal
