
Microsoft Visual Studio Solution File, Format Version 12.00
# Visual Studio Version 17
VisualStudioVersion = 17.12.35527.113
MinimumVisualStudioVersion = 10.0.40219.1
Project("{FAE04EC0-301F-11D3-BF4B-00C04F79EFBC}") = "CompanyEmployees", "CompanyEmployees\CompanyEmployees.csproj", "{C34D2AAB-8EE6-4EF1-96A0-5435606626B7}"
EndProject
Project("{FAE04EC0-301F-11D3-BF4B-00C04F79EFBC}") = "Contracts", "Contracts\Contracts.csproj", "{3AE749E7-65B3-4C98-B3C6-9E571DF577ED}"
EndProject
Project("{FAE04EC0-301F-11D3-BF4B-00C04F79EFBC}") = "LoggerService", "LoggerService\LoggerService.csproj", "{DF21F319-E260-4ACF-BBF9-03174943B737}"
EndProject
Project("{FAE04EC0-301F-11D3-BF4B-00C04F79EFBC}") = "Entities", "Entities\Entities.csproj", "{76A3C57E-0F2D-4499-87C7-1FB62BE4DCE1}"
EndProject
Project("{FAE04EC0-301F-11D3-BF4B-00C04F79EFBC}") = "Repository", "Repository\Repository.csproj", "{DB9EBBF6-EA75-4F08-8730-1033BCF6E891}"
EndProject
Project("{FAE04EC0-301F-11D3-BF4B-00C04F79EFBC}") = "Service.Contracts", "Service.Contracts\Service.Contracts.csproj", "{DADD11E6-04EA-43A2-AD03-9D0B9B33A170}"
EndProject
Project("{FAE04EC0-301F-11D3-BF4B-00C04F79EFBC}") = "Service", "Service\Service.csproj", "{6ED2B4D6-3293-4572-86D6-C7C2FB6258AD}"
EndProject
Global
	GlobalSection(SolutionConfigurationPlatforms) = preSolution
		Debug|Any CPU = Debug|Any CPU
		Release|Any CPU = Release|Any CPU
	EndGlobalSection
	GlobalSection(ProjectConfigurationPlatforms) = postSolution
		{C34D2AAB-8EE6-4EF1-96A0-5435606626B7}.Debug|Any CPU.ActiveCfg = Debug|Any CPU
		{C34D2AAB-8EE6-4EF1-96A0-5435606626B7}.Debug|Any CPU.Build.0 = Debug|Any CPU
		{C34D2AAB-8EE6-4EF1-96A0-5435606626B7}.Release|Any CPU.ActiveCfg = Release|Any CPU
		{C34D2AAB-8EE6-4EF1-96A0-5435606626B7}.Release|Any CPU.Build.0 = Release|Any CPU
		{3AE749E7-65B3-4C98-B3C6-9E571DF577ED}.Debug|Any CPU.ActiveCfg = Debug|Any CPU
		{3AE749E7-65B3-4C98-B3C6-9E571DF577ED}.Debug|Any CPU.Build.0 = Debug|Any CPU
		{3AE749E7-65B3-4C98-B3C6-9E571DF577ED}.Release|Any CPU.ActiveCfg = Release|Any CPU
		{3AE749E7-65B3-4C98-B3C6-9E571DF577ED}.Release|Any CPU.Build.0 = Release|Any CPU
		{DF21F319-E260-4ACF-BBF9-03174943B737}.Debug|Any CPU.ActiveCfg = Debug|Any CPU
		{DF21F319-E260-4ACF-BBF9-03174943B737}.Debug|Any CPU.Build.0 = Debug|Any CPU
		{DF21F319-E260-4ACF-BBF9-03174943B737}.Release|Any CPU.ActiveCfg = Release|Any CPU
		{DF21F319-E260-4ACF-BBF9-03174943B737}.Release|Any CPU.Build.0 = Release|Any CPU
		{76A3C57E-0F2D-4499-87C7-1FB62BE4DCE1}.Debug|Any CPU.ActiveCfg = Debug|Any CPU
		{76A3C57E-0F2D-4499-87C7-1FB62BE4DCE1}.Debug|Any CPU.Build.0 = Debug|Any CPU
		{76A3C57E-0F2D-4499-87C7-1FB62BE4DCE1}.Release|Any CPU.ActiveCfg = Release|Any CPU
		{76A3C57E-0F2D-4499-87C7-1FB62BE4DCE1}.Release|Any CPU.Build.0 = Release|Any CPU
		{DB9EBBF6-EA75-4F08-8730-1033BCF6E891}.Debug|Any CPU.ActiveCfg = Debug|Any CPU
		{DB9EBBF6-EA75-4F08-8730-1033BCF6E891}.Debug|Any CPU.Build.0 = Debug|Any CPU
		{DB9EBBF6-EA75-4F08-8730-1033BCF6E891}.Release|Any CPU.ActiveCfg = Release|Any CPU
		{DB9EBBF6-EA75-4F08-8730-1033BCF6E891}.Release|Any CPU.Build.0 = Release|Any CPU
		{DADD11E6-04EA-43A2-AD03-9D0B9B33A170}.Debug|Any CPU.ActiveCfg = Debug|Any CPU
		{DADD11E6-04EA-43A2-AD03-9D0B9B33A170}.Debug|Any CPU.Build.0 = Debug|Any CPU
		{DADD11E6-04EA-43A2-AD03-9D0B9B33A170}.Release|Any CPU.ActiveCfg = Release|Any CPU
		{DADD11E6-04EA-43A2-AD03-9D0B9B33A170}.Release|Any CPU.Build.0 = Release|Any CPU
		{6ED2B4D6-3293-4572-86D6-C7C2FB6258AD}.Debug|Any CPU.ActiveCfg = Debug|Any CPU
		{6ED2B4D6-3293-4572-86D6-C7C2FB6258AD}.Debug|Any CPU.Build.0 = Debug|Any CPU
		{6ED2B4D6-3293-4572-86D6-C7C2FB6258AD}.Release|Any CPU.ActiveCfg = Release|Any CPU
		{6ED2B4D6-3293-4572-86D6-C7C2FB6258AD}.Release|Any CPU.Build.0 = Release|Any CPU
	EndGlobalSection
	GlobalSection(SolutionProperties) = preSolution
		HideSolutionNode = FALSE
	EndGlobalSection
EndGlobal
